
Microsoft Visual Studio Solution File, Format Version 12.00
# Visual Studio Version 17
VisualStudioVersion = 17.6.33829.357
MinimumVisualStudioVersion = 10.0.40219.1
Project("{FAE04EC0-301F-11D3-BF4B-00C04F79EFBC}") = "ExercicioDeFixação-MediaDeAluno", "ExercicioDeFixação-MediaDeAluno.csproj", "{66AC82E2-61E8-4CAE-8996-9462C48F9AF4}"
EndProject
Global
	GlobalSection(SolutionConfigurationPlatforms) = preSolution
		Debug|Any CPU = Debug|Any CPU
		Release|Any CPU = Release|Any CPU
	EndGlobalSection
	GlobalSection(ProjectConfigurationPlatforms) = postSolution
		{66AC82E2-61E8-4CAE-8996-9462C48F9AF4}.Debug|Any CPU.ActiveCfg = Debug|Any CPU
		{66AC82E2-61E8-4CAE-8996-9462C48F9AF4}.Debug|Any CPU.Build.0 = Debug|Any CPU
		{66AC82E2-61E8-4CAE-8996-9462C48F9AF4}.Release|Any CPU.ActiveCfg = Release|Any CPU
		{66AC82E2-61E8-4CAE-8996-9462C48F9AF4}.Release|Any CPU.Build.0 = Release|Any CPU
	EndGlobalSection
	GlobalSection(SolutionProperties) = preSolution
		HideSolutionNode = FALSE
	EndGlobalSection
	GlobalSection(ExtensibilityGlobals) = postSolution
		SolutionGuid = {C2287E03-B839-42ED-A4E5-C9F193267A90}
	EndGlobalSection
EndGlobal
